
Microsoft Visual Studio Solution File, Format Version 12.00
# Visual Studio Version 16
VisualStudioVersion = 16.0.32602.291
MinimumVisualStudioVersion = 10.0.40219.1
Project("{FAE04EC0-301F-11D3-BF4B-00C04F79EFBC}") = "MyCalcurator", "MyCalcurator\MyCalcurator.csproj", "{49D4809A-A4B1-467D-A4CD-F5C3D8C6E808}"
EndProject
Global
	GlobalSection(SolutionConfigurationPlatforms) = preSolution
		Debug|Any CPU = Debug|Any CPU
		Release|Any CPU = Release|Any CPU
	EndGlobalSection
	GlobalSection(ProjectConfigurationPlatforms) = postSolution
		{49D4809A-A4B1-467D-A4CD-F5C3D8C6E808}.Debug|Any CPU.ActiveCfg = Debug|Any CPU
		{49D4809A-A4B1-467D-A4CD-F5C3D8C6E808}.Debug|Any CPU.Build.0 = Debug|Any CPU
		{49D4809A-A4B1-467D-A4CD-F5C3D8C6E808}.Release|Any CPU.ActiveCfg = Release|Any CPU
		{49D4809A-A4B1-467D-A4CD-F5C3D8C6E808}.Release|Any CPU.Build.0 = Release|Any CPU
	EndGlobalSection
	GlobalSection(SolutionProperties) = preSolution
		HideSolutionNode = FALSE
	EndGlobalSection
	GlobalSection(ExtensibilityGlobals) = postSolution
		SolutionGuid = {E54441D2-9894-4FA7-9879-E66E19EB1D78}
	EndGlobalSection
EndGlobal
